
Microsoft Visual Studio Solution File, Format Version 12.00
# Visual Studio Version 16
VisualStudioVersion = 16.0.29025.244
MinimumVisualStudioVersion = 10.0.40219.1
Project("{9A19103F-16F7-4668-BE54-9A1E7A4F7556}") = "SAPCommon", "SAPCommon.csproj", "{BCC92E4F-B9F9-4AA3-8DBF-66E1B6072ADC}"
EndProject
Global
	GlobalSection(SolutionConfigurationPlatforms) = preSolution
		Debug|Any CPU = Debug|Any CPU
		Debug|x64 = Debug|x64
		Debug|x86 = Debug|x86
		Release|Any CPU = Release|Any CPU
		Release|x64 = Release|x64
		Release|x86 = Release|x86
	EndGlobalSection
	GlobalSection(ProjectConfigurationPlatforms) = postSolution
		{BCC92E4F-B9F9-4AA3-8DBF-66E1B6072ADC}.Debug|Any CPU.ActiveCfg = Release|Any CPU
		{BCC92E4F-B9F9-4AA3-8DBF-66E1B6072ADC}.Debug|Any CPU.Build.0 = Release|Any CPU
		{BCC92E4F-B9F9-4AA3-8DBF-66E1B6072ADC}.Debug|x64.ActiveCfg = Debug|x64
		{BCC92E4F-B9F9-4AA3-8DBF-66E1B6072ADC}.Debug|x64.Build.0 = Debug|x64
		{BCC92E4F-B9F9-4AA3-8DBF-66E1B6072ADC}.Debug|x86.ActiveCfg = Release|x86
		{BCC92E4F-B9F9-4AA3-8DBF-66E1B6072ADC}.Debug|x86.Build.0 = Release|x86
		{BCC92E4F-B9F9-4AA3-8DBF-66E1B6072ADC}.Release|Any CPU.ActiveCfg = Release|Any CPU
		{BCC92E4F-B9F9-4AA3-8DBF-66E1B6072ADC}.Release|Any CPU.Build.0 = Release|Any CPU
		{BCC92E4F-B9F9-4AA3-8DBF-66E1B6072ADC}.Release|x64.ActiveCfg = Release|x64
		{BCC92E4F-B9F9-4AA3-8DBF-66E1B6072ADC}.Release|x64.Build.0 = Release|x64
		{BCC92E4F-B9F9-4AA3-8DBF-66E1B6072ADC}.Release|x86.ActiveCfg = Release|x86
		{BCC92E4F-B9F9-4AA3-8DBF-66E1B6072ADC}.Release|x86.Build.0 = Release|x86
	EndGlobalSection
	GlobalSection(SolutionProperties) = preSolution
		HideSolutionNode = FALSE
	EndGlobalSection
	GlobalSection(ExtensibilityGlobals) = postSolution
		SolutionGuid = {04909280-E97A-4FCB-AFDC-0181965DCE04}
	EndGlobalSection
EndGlobal
